
Microsoft Visual Studio Solution File, Format Version 12.00
# Visual Studio 15
VisualStudioVersion = 15.0.27703.2042
MinimumVisualStudioVersion = 10.0.40219.1
Project("{FAE04EC0-301F-11D3-BF4B-00C04F79EFBC}") = "ReserveCopy", "ReserveCopy\ReserveCopy.csproj", "{C69716D6-7B6E-42A3-8397-5ED9A668A008}"
EndProject
Global
	GlobalSection(SolutionConfigurationPlatforms) = preSolution
		Debug|Any CPU = Debug|Any CPU
		Release|Any CPU = Release|Any CPU
	EndGlobalSection
	GlobalSection(ProjectConfigurationPlatforms) = postSolution
		{C69716D6-7B6E-42A3-8397-5ED9A668A008}.Debug|Any CPU.ActiveCfg = Debug|Any CPU
		{C69716D6-7B6E-42A3-8397-5ED9A668A008}.Debug|Any CPU.Build.0 = Debug|Any CPU
		{C69716D6-7B6E-42A3-8397-5ED9A668A008}.Release|Any CPU.ActiveCfg = Release|Any CPU
		{C69716D6-7B6E-42A3-8397-5ED9A668A008}.Release|Any CPU.Build.0 = Release|Any CPU
	EndGlobalSection
	GlobalSection(SolutionProperties) = preSolution
		HideSolutionNode = FALSE
	EndGlobalSection
	GlobalSection(ExtensibilityGlobals) = postSolution
		SolutionGuid = {1EBC5626-7A4C-47C0-90AF-C84B1980BB72}
	EndGlobalSection
EndGlobal
